{
    "_readme": [
        "This file locks the dependencies of your project to a known state",
        "Read more about it at https://getcomposer.org/doc/01-basic-usage.md#installing-dependencies",
        "This file is @generated automatically"
    ],
    "content-hash": "4db5dd2f33d1ab8820c3db7923741f12",
    "packages": [
        {
            "name": "intervention/gif",
            "version": "4.0.2",
            "source": {
                "type": "git",
                "url": "https://github.com/Intervention/gif.git",
                "reference": "c2b07d1f69709e196c8b4ced423449a7e0f3b925"
            },
            "dist": {
                "type": "zip",
                "url": "https://api.github.com/repos/Intervention/gif/zipball/c2b07d1f69709e196c8b4ced423449a7e0f3b925",
                "reference": "c2b07d1f69709e196c8b4ced423449a7e0f3b925",
                "shasum": ""
            },
            "require": {
                "php": "^8.1"
            },
            "require-dev": {
                "phpstan/phpstan": "^1",
                "phpunit/phpunit": "^9",
                "slevomat/coding-standard": "~8.0",
                "squizlabs/php_codesniffer": "^3.8"
            },
            "type": "library",
            "autoload": {
                "psr-4": {
                    "Intervention\\Gif\\": "src"
                }
            },
            "notification-url": "https://packagist.org/downloads/",
            "license": [
                "MIT"
            ],
            "authors": [
                {
                    "name": "Oliver Vogel",
                    "email": "oliver@intervention.io",
                    "homepage": "https://intervention.io/"
                }
            ],
            "description": "Native PHP GIF Encoder/Decoder",
            "homepage": "https://github.com/intervention/gif",
            "keywords": [
                "animation",
                "gd",
                "gif",
                "image"
            ],
            "support": {
                "issues": "https://github.com/Intervention/gif/issues",
                "source": "https://github.com/Intervention/gif/tree/4.0.2"
            },
            "funding": [
                {
                    "url": "https://paypal.me/interventionio",
                    "type": "custom"
                },
                {
                    "url": "https://github.com/Intervention",
                    "type": "github"
                }
            ],
            "time": "2024-02-18T15:36:58+00:00"
        },
        {
            "name": "intervention/image",
            "version": "3.4.0",
            "source": {
                "type": "git",
                "url": "https://github.com/Intervention/image.git",
                "reference": "fe1b0e2e64157133322974c28b44c25c2770a0c5"
            },
            "dist": {
                "type": "zip",
                "url": "https://api.github.com/repos/Intervention/image/zipball/fe1b0e2e64157133322974c28b44c25c2770a0c5",
                "reference": "fe1b0e2e64157133322974c28b44c25c2770a0c5",
                "shasum": ""
            },
            "require": {
                "ext-mbstring": "*",
                "intervention/gif": "^4.0.1",
                "php": "^8.1"
            },
            "require-dev": {
                "mockery/mockery": "^1.6",
                "phpstan/phpstan": "^1",
                "phpunit/phpunit": "^9",
                "slevomat/coding-standard": "~8.0",
                "squizlabs/php_codesniffer": "^3.8"
            },
            "suggest": {
                "ext-exif": "Recommended to be able to read EXIF data properly."
            },
            "type": "library",
            "autoload": {
                "psr-4": {
                    "Intervention\\Image\\": "src"
                }
            },
            "notification-url": "https://packagist.org/downloads/",
            "license": [
                "MIT"
            ],
            "authors": [
                {
                    "name": "Oliver Vogel",
                    "email": "oliver@intervention.io",
                    "homepage": "https://intervention.io/"
                }
            ],
            "description": "PHP image manipulation",
            "homepage": "https://image.intervention.io/",
            "keywords": [
                "gd",
                "image",
                "imagick",
                "resize",
                "thumbnail",
                "watermark"
            ],
            "support": {
                "issues": "https://github.com/Intervention/image/issues",
                "source": "https://github.com/Intervention/image/tree/3.4.0"
            },
            "funding": [
                {
                    "url": "https://paypal.me/interventionio",
                    "type": "custom"
                },
                {
                    "url": "https://github.com/Intervention",
                    "type": "github"
                }
            ],
            "time": "2024-02-14T15:11:21+00:00"
        },
        {
            "name": "matthiasmullie/minify",
            "version": "1.3.71",
            "source": {
                "type": "git",
                "url": "https://github.com/matthiasmullie/minify.git",
                "reference": "ae42a47d7fecc1fbb7277b2f2d84c37a33edc3b1"
            },
            "dist": {
                "type": "zip",
                "url": "https://api.github.com/repos/matthiasmullie/minify/zipball/ae42a47d7fecc1fbb7277b2f2d84c37a33edc3b1",
                "reference": "ae42a47d7fecc1fbb7277b2f2d84c37a33edc3b1",
                "shasum": ""
            },
            "require": {
                "ext-pcre": "*",
                "matthiasmullie/path-converter": "~1.1",
                "php": ">=5.3.0"
            },
            "require-dev": {
                "friendsofphp/php-cs-fixer": ">=2.0",
                "matthiasmullie/scrapbook": ">=1.3",
                "phpunit/phpunit": ">=4.8",
                "squizlabs/php_codesniffer": ">=3.0"
            },
            "suggest": {
                "psr/cache-implementation": "Cache implementation to use with Minify::cache"
            },
            "bin": [
                "bin/minifycss",
                "bin/minifyjs"
            ],
            "type": "library",
            "autoload": {
                "psr-4": {
                    "MatthiasMullie\\Minify\\": "src/"
                }
            },
            "notification-url": "https://packagist.org/downloads/",
            "license": [
                "MIT"
            ],
            "authors": [
                {
                    "name": "Matthias Mullie",
                    "email": "minify@mullie.eu",
                    "homepage": "https://www.mullie.eu",
                    "role": "Developer"
                }
            ],
            "description": "CSS & JavaScript minifier, in PHP. Removes whitespace, strips comments, combines files (incl. @import statements and small assets in CSS files), and optimizes/shortens a few common programming patterns.",
            "homepage": "https://github.com/matthiasmullie/minify",
            "keywords": [
                "JS",
                "css",
                "javascript",
                "minifier",
                "minify"
            ],
            "support": {
                "issues": "https://github.com/matthiasmullie/minify/issues",
                "source": "https://github.com/matthiasmullie/minify/tree/1.3.71"
            },
            "funding": [
                {
                    "url": "https://github.com/matthiasmullie",
                    "type": "github"
                }
            ],
            "time": "2023-04-25T20:33:03+00:00"
        },
        {
            "name": "matthiasmullie/path-converter",
            "version": "1.1.3",
            "source": {
                "type": "git",
                "url": "https://github.com/matthiasmullie/path-converter.git",
                "reference": "e7d13b2c7e2f2268e1424aaed02085518afa02d9"
            },
            "dist": {
                "type": "zip",
                "url": "https://api.github.com/repos/matthiasmullie/path-converter/zipball/e7d13b2c7e2f2268e1424aaed02085518afa02d9",
                "reference": "e7d13b2c7e2f2268e1424aaed02085518afa02d9",
                "shasum": ""
            },
            "require": {
                "ext-pcre": "*",
                "php": ">=5.3.0"
            },
            "require-dev": {
                "phpunit/phpunit": "~4.8"
            },
            "type": "library",
            "autoload": {
                "psr-4": {
                    "MatthiasMullie\\PathConverter\\": "src/"
                }
            },
            "notification-url": "https://packagist.org/downloads/",
            "license": [
                "MIT"
            ],
            "authors": [
                {
                    "name": "Matthias Mullie",
                    "email": "pathconverter@mullie.eu",
                    "homepage": "http://www.mullie.eu",
                    "role": "Developer"
                }
            ],
            "description": "Relative path converter",
            "homepage": "http://github.com/matthiasmullie/path-converter",
            "keywords": [
                "converter",
                "path",
                "paths",
                "relative"
            ],
            "support": {
                "issues": "https://github.com/matthiasmullie/path-converter/issues",
                "source": "https://github.com/matthiasmullie/path-converter/tree/1.1.3"
            },
            "time": "2019-02-05T23:41:09+00:00"
        },
        {
            "name": "mmucklo/krumo",
            "version": "v0.7.0",
            "source": {
                "type": "git",
                "url": "https://github.com/mmucklo/krumo.git",
                "reference": "29a6fada283f430bf3a7d87f981da61979c33d2e"
            },
            "dist": {
                "type": "zip",
                "url": "https://api.github.com/repos/mmucklo/krumo/zipball/29a6fada283f430bf3a7d87f981da61979c33d2e",
                "reference": "29a6fada283f430bf3a7d87f981da61979c33d2e",
                "shasum": ""
            },
            "require": {
                "php": ">=7.0"
            },
            "require-dev": {
                "fabpot/php-cs-fixer": "dev-master",
                "phpmd/phpmd": "dev-master"
            },
            "type": "library",
            "autoload": {
                "files": [
                    "class.krumo.php"
                ]
            },
            "notification-url": "https://packagist.org/downloads/",
            "license": [
                "LGPL"
            ],
            "authors": [
                {
                    "name": "Kaloyan K. Tsvetkov",
                    "email": "kaloyan@kaloyan.info"
                },
                {
                    "name": "Matthew J. Mucklo",
                    "email": "mmucklo@gmail.com"
                },
                {
                    "name": "Stefan Thomas",
                    "email": "moon@justmoon.de"
                },
                {
                    "name": "Scott Baker",
                    "email": "scott@perturb.org"
                }
            ],
            "description": "KRUMO - version 2.0 of print_r(); and var_dump(); (with new updates)",
            "keywords": [
                "debug",
                "debugging",
                "krumo",
                "pretty",
                "print",
                "print_r",
                "var_dump"
            ],
            "support": {
                "issues": "https://github.com/mmucklo/krumo/issues",
                "source": "https://github.com/mmucklo/krumo/tree/v0.7.0"
            },
            "time": "2022-08-07T01:49:32+00:00"
        },
        {
            "name": "openai-php/client",
            "version": "v0.8.4",
            "source": {
                "type": "git",
                "url": "https://github.com/openai-php/client.git",
                "reference": "00470f5fedd7b08ee4860959d6952f0be0ec48a0"
            },
            "dist": {
                "type": "zip",
                "url": "https://api.github.com/repos/openai-php/client/zipball/00470f5fedd7b08ee4860959d6952f0be0ec48a0",
                "reference": "00470f5fedd7b08ee4860959d6952f0be0ec48a0",
                "shasum": ""
            },
            "require": {
                "php": "^8.1.0",
                "php-http/discovery": "^1.19.2",
                "php-http/multipart-stream-builder": "^1.3.0",
                "psr/http-client": "^1.0.3",
                "psr/http-client-implementation": "^1.0.1",
                "psr/http-factory-implementation": "*",
                "psr/http-message": "^1.1.0|^2.0.0"
            },
            "require-dev": {
                "guzzlehttp/guzzle": "^7.8.1",
                "guzzlehttp/psr7": "^2.6.2",
                "laravel/pint": "^1.13.7",
                "mockery/mockery": "^1.6.7",
                "nunomaduro/collision": "^7.10.0",
                "pestphp/pest": "^2.30.0",
                "pestphp/pest-plugin-arch": "^2.6",
                "pestphp/pest-plugin-type-coverage": "^2.7.0",
                "phpstan/phpstan": "^1.10.55",
                "rector/rector": "^0.16.0",
                "symfony/var-dumper": "^6.4.2"
            },
            "type": "library",
            "autoload": {
                "files": [
                    "src/OpenAI.php"
                ],
                "psr-4": {
                    "OpenAI\\": "src/"
                }
            },
            "notification-url": "https://packagist.org/downloads/",
            "license": [
                "MIT"
            ],
            "authors": [
                {
                    "name": "Nuno Maduro",
                    "email": "enunomaduro@gmail.com"
                },
                {
                    "name": "Sandro Gehri"
                }
            ],
            "description": "OpenAI PHP is a supercharged PHP API client that allows you to interact with the Open AI API",
            "keywords": [
                "GPT-3",
                "api",
                "client",
                "codex",
                "dall-e",
                "language",
                "natural",
                "openai",
                "php",
                "processing",
                "sdk"
            ],
            "support": {
                "issues": "https://github.com/openai-php/client/issues",
                "source": "https://github.com/openai-php/client/tree/v0.8.4"
            },
            "funding": [
                {
                    "url": "https://www.paypal.com/paypalme/enunomaduro",
                    "type": "custom"
                },
                {
                    "url": "https://github.com/gehrisandro",
                    "type": "github"
                },
                {
                    "url": "https://github.com/nunomaduro",
                    "type": "github"
                }
            ],
            "time": "2024-02-07T07:57:38+00:00"
        },
        {
            "name": "orhanerday/open-ai",
            "version": "5.1",
            "source": {
                "type": "git",
                "url": "https://github.com/orhanerday/open-ai.git",
                "reference": "386c7f65a50cbfb0fbdbebcd72f7e6c7a6039c84"
            },
            "dist": {
                "type": "zip",
                "url": "https://api.github.com/repos/orhanerday/open-ai/zipball/386c7f65a50cbfb0fbdbebcd72f7e6c7a6039c84",
                "reference": "386c7f65a50cbfb0fbdbebcd72f7e6c7a6039c84",
                "shasum": ""
            },
            "require": {
                "ext-curl": "*",
                "ext-json": "*",
                "php": ">=7.4"
            },
            "require-dev": {
                "friendsofphp/php-cs-fixer": "^3.0",
                "pestphp/pest": "^1.20",
                "spatie/ray": "^1.28"
            },
            "type": "library",
            "autoload": {
                "psr-4": {
                    "Orhanerday\\OpenAi\\": "src"
                }
            },
            "notification-url": "https://packagist.org/downloads/",
            "license": [
                "MIT"
            ],
            "authors": [
                {
                    "name": "Orhan Erday",
                    "email": "orhanerday@gmail.com",
                    "role": "Developer"
                }
            ],
            "description": "OpenAI GPT-3 Api Client in PHP",
            "homepage": "https://github.com/orhanerday/open-ai",
            "keywords": [
                "open-ai",
                "orhanerday"
            ],
            "support": {
                "issues": "https://github.com/orhanerday/open-ai/issues",
                "source": "https://github.com/orhanerday/open-ai/tree/5.1"
            },
            "funding": [
                {
                    "url": "https://github.com/orhanerday",
                    "type": "github"
                }
            ],
            "time": "2024-01-25T06:43:19+00:00"
        },
        {
            "name": "php-http/discovery",
            "version": "1.19.2",
            "source": {
                "type": "git",
                "url": "https://github.com/php-http/discovery.git",
                "reference": "61e1a1eb69c92741f5896d9e05fb8e9d7e8bb0cb"
            },
            "dist": {
                "type": "zip",
                "url": "https://api.github.com/repos/php-http/discovery/zipball/61e1a1eb69c92741f5896d9e05fb8e9d7e8bb0cb",
                "reference": "61e1a1eb69c92741f5896d9e05fb8e9d7e8bb0cb",
                "shasum": ""
            },
            "require": {
                "composer-plugin-api": "^1.0|^2.0",
                "php": "^7.1 || ^8.0"
            },
            "conflict": {
                "nyholm/psr7": "<1.0",
                "zendframework/zend-diactoros": "*"
            },
            "provide": {
                "php-http/async-client-implementation": "*",
                "php-http/client-implementation": "*",
                "psr/http-client-implementation": "*",
                "psr/http-factory-implementation": "*",
                "psr/http-message-implementation": "*"
            },
            "require-dev": {
                "composer/composer": "^1.0.2|^2.0",
                "graham-campbell/phpspec-skip-example-extension": "^5.0",
                "php-http/httplug": "^1.0 || ^2.0",
                "php-http/message-factory": "^1.0",
                "phpspec/phpspec": "^5.1 || ^6.1 || ^7.3",
                "symfony/phpunit-bridge": "^6.2"
            },
            "type": "composer-plugin",
            "extra": {
                "class": "Http\\Discovery\\Composer\\Plugin",
                "plugin-optional": true
            },
            "autoload": {
                "psr-4": {
                    "Http\\Discovery\\": "src/"
                },
                "exclude-from-classmap": [
                    "src/Composer/Plugin.php"
                ]
            },
            "notification-url": "https://packagist.org/downloads/",
            "license": [
                "MIT"
            ],
            "authors": [
                {
                    "name": "Márk Sági-Kazár",
                    "email": "mark.sagikazar@gmail.com"
                }
            ],
            "description": "Finds and installs PSR-7, PSR-17, PSR-18 and HTTPlug implementations",
            "homepage": "http://php-http.org",
            "keywords": [
                "adapter",
                "client",
                "discovery",
                "factory",
                "http",
                "message",
                "psr17",
                "psr7"
            ],
            "support": {
                "issues": "https://github.com/php-http/discovery/issues",
                "source": "https://github.com/php-http/discovery/tree/1.19.2"
            },
            "time": "2023-11-30T16:49:05+00:00"
        },
        {
            "name": "php-http/multipart-stream-builder",
            "version": "1.3.0",
            "source": {
                "type": "git",
                "url": "https://github.com/php-http/multipart-stream-builder.git",
                "reference": "f5938fd135d9fa442cc297dc98481805acfe2b6a"
            },
            "dist": {
                "type": "zip",
                "url": "https://api.github.com/repos/php-http/multipart-stream-builder/zipball/f5938fd135d9fa442cc297dc98481805acfe2b6a",
                "reference": "f5938fd135d9fa442cc297dc98481805acfe2b6a",
                "shasum": ""
            },
            "require": {
                "php": "^7.1 || ^8.0",
                "php-http/discovery": "^1.15",
                "psr/http-factory-implementation": "^1.0"
            },
            "require-dev": {
                "nyholm/psr7": "^1.0",
                "php-http/message": "^1.5",
                "php-http/message-factory": "^1.0.2",
                "phpunit/phpunit": "^7.5.15 || ^8.5 || ^9.3"
            },
            "type": "library",
            "autoload": {
                "psr-4": {
                    "Http\\Message\\MultipartStream\\": "src/"
                }
            },
            "notification-url": "https://packagist.org/downloads/",
            "license": [
                "MIT"
            ],
            "authors": [
                {
                    "name": "Tobias Nyholm",
                    "email": "tobias.nyholm@gmail.com"
                }
            ],
            "description": "A builder class that help you create a multipart stream",
            "homepage": "http://php-http.org",
            "keywords": [
                "factory",
                "http",
                "message",
                "multipart stream",
                "stream"
            ],
            "support": {
                "issues": "https://github.com/php-http/multipart-stream-builder/issues",
                "source": "https://github.com/php-http/multipart-stream-builder/tree/1.3.0"
            },
            "time": "2023-04-28T14:10:22+00:00"
        },
        {
            "name": "psr/http-client",
            "version": "1.0.3",
            "source": {
                "type": "git",
                "url": "https://github.com/php-fig/http-client.git",
                "reference": "bb5906edc1c324c9a05aa0873d40117941e5fa90"
            },
            "dist": {
                "type": "zip",
                "url": "https://api.github.com/repos/php-fig/http-client/zipball/bb5906edc1c324c9a05aa0873d40117941e5fa90",
                "reference": "bb5906edc1c324c9a05aa0873d40117941e5fa90",
                "shasum": ""
            },
            "require": {
                "php": "^7.0 || ^8.0",
                "psr/http-message": "^1.0 || ^2.0"
            },
            "type": "library",
            "extra": {
                "branch-alias": {
                    "dev-master": "1.0.x-dev"
                }
            },
            "autoload": {
                "psr-4": {
                    "Psr\\Http\\Client\\": "src/"
                }
            },
            "notification-url": "https://packagist.org/downloads/",
            "license": [
                "MIT"
            ],
            "authors": [
                {
                    "name": "PHP-FIG",
                    "homepage": "https://www.php-fig.org/"
                }
            ],
            "description": "Common interface for HTTP clients",
            "homepage": "https://github.com/php-fig/http-client",
            "keywords": [
                "http",
                "http-client",
                "psr",
                "psr-18"
            ],
            "support": {
                "source": "https://github.com/php-fig/http-client"
            },
            "time": "2023-09-23T14:17:50+00:00"
        },
        {
            "name": "psr/http-message",
            "version": "2.0",
            "source": {
                "type": "git",
                "url": "https://github.com/php-fig/http-message.git",
                "reference": "402d35bcb92c70c026d1a6a9883f06b2ead23d71"
            },
            "dist": {
                "type": "zip",
                "url": "https://api.github.com/repos/php-fig/http-message/zipball/402d35bcb92c70c026d1a6a9883f06b2ead23d71",
                "reference": "402d35bcb92c70c026d1a6a9883f06b2ead23d71",
                "shasum": ""
            },
            "require": {
                "php": "^7.2 || ^8.0"
            },
            "type": "library",
            "extra": {
                "branch-alias": {
                    "dev-master": "2.0.x-dev"
                }
            },
            "autoload": {
                "psr-4": {
                    "Psr\\Http\\Message\\": "src/"
                }
            },
            "notification-url": "https://packagist.org/downloads/",
            "license": [
                "MIT"
            ],
            "authors": [
                {
                    "name": "PHP-FIG",
                    "homepage": "https://www.php-fig.org/"
                }
            ],
            "description": "Common interface for HTTP messages",
            "homepage": "https://github.com/php-fig/http-message",
            "keywords": [
                "http",
                "http-message",
                "psr",
                "psr-7",
                "request",
                "response"
            ],
            "support": {
                "source": "https://github.com/php-fig/http-message/tree/2.0"
            },
            "time": "2023-04-04T09:54:51+00:00"
        },
        {
            "name": "steinhaug/mysqli",
            "version": "v1.6.2",
            "source": {
                "type": "git",
                "url": "https://github.com/steinhaug/mysqli.git",
                "reference": "8b4b49261c92ec70d043557ad7da257647e7b8ad"
            },
            "dist": {
                "type": "zip",
                "url": "https://api.github.com/repos/steinhaug/mysqli/zipball/8b4b49261c92ec70d043557ad7da257647e7b8ad",
                "reference": "8b4b49261c92ec70d043557ad7da257647e7b8ad",
                "shasum": ""
            },
            "require": {
                "ext-mbstring": "*",
                "php": ">=8.0.0"
            },
            "require-dev": {
                "squizlabs/php_codesniffer": "*",
                "steinhaug/sqlbuddy": "*",
                "steinhaug/uarpc": "*"
            },
            "type": "library",
            "autoload": {
                "classmap": [
                    "src"
                ]
            },
            "notification-url": "https://packagist.org/downloads/",
            "license": [
                "proprietary"
            ],
            "authors": [
                {
                    "name": "Kim Steinhaug",
                    "email": "kim@steinhaug.com",
                    "homepage": "http://kim.steinhaug.com",
                    "role": "developer"
                }
            ],
            "description": "Mysqli Abstraction Layer",
            "homepage": "https://gitlab.com/steinhaug/mysqli",
            "keywords": [
                "database",
                "mysqli",
                "prepared statments"
            ],
            "support": {
                "docs": "https://gitlab.com/steinhaug/mysqli/-/wikis/home",
                "email": "steinhaug@gmail.com",
                "issues": "https://gitlab.com/steinhaug/mysqli/-/issues",
                "source": "https://gitlab.com/steinhaug/mysqli"
            },
            "funding": [
                {
                    "url": "https://steinhaug.com/donate/",
                    "type": "Suck up to the developer"
                }
            ],
            "time": "2024-01-05T01:49:53+00:00"
        },
        {
            "name": "steinhaug/sqlbuddy",
            "version": "v1.3.1",
            "source": {
                "type": "git",
                "url": "https://github.com/steinhaug/sqlbuddy.git",
                "reference": "af018d38a52d0ff9e5289521085a74661e5b8bc4"
            },
            "dist": {
                "type": "zip",
                "url": "https://api.github.com/repos/steinhaug/sqlbuddy/zipball/af018d38a52d0ff9e5289521085a74661e5b8bc4",
                "reference": "af018d38a52d0ff9e5289521085a74661e5b8bc4",
                "shasum": ""
            },
            "require": {
                "ext-mbstring": "*",
                "php": "^8.0"
            },
            "type": "library",
            "autoload": {
                "psr-0": {
                    "sqlbuddy": ""
                }
            },
            "notification-url": "https://packagist.org/downloads/",
            "license": [
                "MIT"
            ],
            "authors": [
                {
                    "name": "Kim Steinhaug",
                    "email": "kim@steinhaug.com",
                    "homepage": "http://kim.steinhaug.com"
                }
            ],
            "description": "My personal SQL friend",
            "homepage": "https://kim.steinhaug.com",
            "keywords": [
                "query builder",
                "sql insert",
                "sql update"
            ],
            "support": {
                "issues": "https://github.com/steinhaug/sqlbuddy/issues",
                "source": "https://github.com/steinhaug/sqlbuddy/tree/v1.3.1"
            },
            "time": "2023-12-06T15:26:47+00:00"
        }
    ],
    "packages-dev": [
        {
            "name": "nyholm/psr7",
            "version": "1.8.1",
            "source": {
                "type": "git",
                "url": "https://github.com/Nyholm/psr7.git",
                "reference": "aa5fc277a4f5508013d571341ade0c3886d4d00e"
            },
            "dist": {
                "type": "zip",
                "url": "https://api.github.com/repos/Nyholm/psr7/zipball/aa5fc277a4f5508013d571341ade0c3886d4d00e",
                "reference": "aa5fc277a4f5508013d571341ade0c3886d4d00e",
                "shasum": ""
            },
            "require": {
                "php": ">=7.2",
                "psr/http-factory": "^1.0",
                "psr/http-message": "^1.1 || ^2.0"
            },
            "provide": {
                "php-http/message-factory-implementation": "1.0",
                "psr/http-factory-implementation": "1.0",
                "psr/http-message-implementation": "1.0"
            },
            "require-dev": {
                "http-interop/http-factory-tests": "^0.9",
                "php-http/message-factory": "^1.0",
                "php-http/psr7-integration-tests": "^1.0",
                "phpunit/phpunit": "^7.5 || ^8.5 || ^9.4",
                "symfony/error-handler": "^4.4"
            },
            "type": "library",
            "extra": {
                "branch-alias": {
                    "dev-master": "1.8-dev"
                }
            },
            "autoload": {
                "psr-4": {
                    "Nyholm\\Psr7\\": "src/"
                }
            },
            "notification-url": "https://packagist.org/downloads/",
            "license": [
                "MIT"
            ],
            "authors": [
                {
                    "name": "Tobias Nyholm",
                    "email": "tobias.nyholm@gmail.com"
                },
                {
                    "name": "Martijn van der Ven",
                    "email": "martijn@vanderven.se"
                }
            ],
            "description": "A fast PHP7 implementation of PSR-7",
            "homepage": "https://tnyholm.se",
            "keywords": [
                "psr-17",
                "psr-7"
            ],
            "support": {
                "issues": "https://github.com/Nyholm/psr7/issues",
                "source": "https://github.com/Nyholm/psr7/tree/1.8.1"
            },
            "funding": [
                {
                    "url": "https://github.com/Zegnat",
                    "type": "github"
                },
                {
                    "url": "https://github.com/nyholm",
                    "type": "github"
                }
            ],
            "time": "2023-11-13T09:31:12+00:00"
        },
        {
            "name": "psr/container",
            "version": "2.0.2",
            "source": {
                "type": "git",
                "url": "https://github.com/php-fig/container.git",
                "reference": "c71ecc56dfe541dbd90c5360474fbc405f8d5963"
            },
            "dist": {
                "type": "zip",
                "url": "https://api.github.com/repos/php-fig/container/zipball/c71ecc56dfe541dbd90c5360474fbc405f8d5963",
                "reference": "c71ecc56dfe541dbd90c5360474fbc405f8d5963",
                "shasum": ""
            },
            "require": {
                "php": ">=7.4.0"
            },
            "type": "library",
            "extra": {
                "branch-alias": {
                    "dev-master": "2.0.x-dev"
                }
            },
            "autoload": {
                "psr-4": {
                    "Psr\\Container\\": "src/"
                }
            },
            "notification-url": "https://packagist.org/downloads/",
            "license": [
                "MIT"
            ],
            "authors": [
                {
                    "name": "PHP-FIG",
                    "homepage": "https://www.php-fig.org/"
                }
            ],
            "description": "Common Container Interface (PHP FIG PSR-11)",
            "homepage": "https://github.com/php-fig/container",
            "keywords": [
                "PSR-11",
                "container",
                "container-interface",
                "container-interop",
                "psr"
            ],
            "support": {
                "issues": "https://github.com/php-fig/container/issues",
                "source": "https://github.com/php-fig/container/tree/2.0.2"
            },
            "time": "2021-11-05T16:47:00+00:00"
        },
        {
            "name": "psr/http-factory",
            "version": "1.0.2",
            "source": {
                "type": "git",
                "url": "https://github.com/php-fig/http-factory.git",
                "reference": "e616d01114759c4c489f93b099585439f795fe35"
            },
            "dist": {
                "type": "zip",
                "url": "https://api.github.com/repos/php-fig/http-factory/zipball/e616d01114759c4c489f93b099585439f795fe35",
                "reference": "e616d01114759c4c489f93b099585439f795fe35",
                "shasum": ""
            },
            "require": {
                "php": ">=7.0.0",
                "psr/http-message": "^1.0 || ^2.0"
            },
            "type": "library",
            "extra": {
                "branch-alias": {
                    "dev-master": "1.0.x-dev"
                }
            },
            "autoload": {
                "psr-4": {
                    "Psr\\Http\\Message\\": "src/"
                }
            },
            "notification-url": "https://packagist.org/downloads/",
            "license": [
                "MIT"
            ],
            "authors": [
                {
                    "name": "PHP-FIG",
                    "homepage": "https://www.php-fig.org/"
                }
            ],
            "description": "Common interfaces for PSR-7 HTTP message factories",
            "keywords": [
                "factory",
                "http",
                "message",
                "psr",
                "psr-17",
                "psr-7",
                "request",
                "response"
            ],
            "support": {
                "source": "https://github.com/php-fig/http-factory/tree/1.0.2"
            },
            "time": "2023-04-10T20:10:41+00:00"
        },
        {
            "name": "psr/log",
            "version": "3.0.0",
            "source": {
                "type": "git",
                "url": "https://github.com/php-fig/log.git",
                "reference": "fe5ea303b0887d5caefd3d431c3e61ad47037001"
            },
            "dist": {
                "type": "zip",
                "url": "https://api.github.com/repos/php-fig/log/zipball/fe5ea303b0887d5caefd3d431c3e61ad47037001",
                "reference": "fe5ea303b0887d5caefd3d431c3e61ad47037001",
                "shasum": ""
            },
            "require": {
                "php": ">=8.0.0"
            },
            "type": "library",
            "extra": {
                "branch-alias": {
                    "dev-master": "3.x-dev"
                }
            },
            "autoload": {
                "psr-4": {
                    "Psr\\Log\\": "src"
                }
            },
            "notification-url": "https://packagist.org/downloads/",
            "license": [
                "MIT"
            ],
            "authors": [
                {
                    "name": "PHP-FIG",
                    "homepage": "https://www.php-fig.org/"
                }
            ],
            "description": "Common interface for logging libraries",
            "homepage": "https://github.com/php-fig/log",
            "keywords": [
                "log",
                "psr",
                "psr-3"
            ],
            "support": {
                "source": "https://github.com/php-fig/log/tree/3.0.0"
            },
            "time": "2021-07-14T16:46:02+00:00"
        },
        {
            "name": "symfony/deprecation-contracts",
            "version": "v3.4.0",
            "source": {
                "type": "git",
                "url": "https://github.com/symfony/deprecation-contracts.git",
                "reference": "7c3aff79d10325257a001fcf92d991f24fc967cf"
            },
            "dist": {
                "type": "zip",
                "url": "https://api.github.com/repos/symfony/deprecation-contracts/zipball/7c3aff79d10325257a001fcf92d991f24fc967cf",
                "reference": "7c3aff79d10325257a001fcf92d991f24fc967cf",
                "shasum": ""
            },
            "require": {
                "php": ">=8.1"
            },
            "type": "library",
            "extra": {
                "branch-alias": {
                    "dev-main": "3.4-dev"
                },
                "thanks": {
                    "name": "symfony/contracts",
                    "url": "https://github.com/symfony/contracts"
                }
            },
            "autoload": {
                "files": [
                    "function.php"
                ]
            },
            "notification-url": "https://packagist.org/downloads/",
            "license": [
                "MIT"
            ],
            "authors": [
                {
                    "name": "Nicolas Grekas",
                    "email": "p@tchwork.com"
                },
                {
                    "name": "Symfony Community",
                    "homepage": "https://symfony.com/contributors"
                }
            ],
            "description": "A generic function and convention to trigger deprecation notices",
            "homepage": "https://symfony.com",
            "support": {
                "source": "https://github.com/symfony/deprecation-contracts/tree/v3.4.0"
            },
            "funding": [
                {
                    "url": "https://symfony.com/sponsor",
                    "type": "custom"
                },
                {
                    "url": "https://github.com/fabpot",
                    "type": "github"
                },
                {
                    "url": "https://tidelift.com/funding/github/packagist/symfony/symfony",
                    "type": "tidelift"
                }
            ],
            "time": "2023-05-23T14:45:45+00:00"
        },
        {
            "name": "symfony/http-client",
            "version": "v6.4.4",
            "source": {
                "type": "git",
                "url": "https://github.com/symfony/http-client.git",
                "reference": "aa6281ddb3be1b3088f329307d05abfbbeb97649"
            },
            "dist": {
                "type": "zip",
                "url": "https://api.github.com/repos/symfony/http-client/zipball/aa6281ddb3be1b3088f329307d05abfbbeb97649",
                "reference": "aa6281ddb3be1b3088f329307d05abfbbeb97649",
                "shasum": ""
            },
            "require": {
                "php": ">=8.1",
                "psr/log": "^1|^2|^3",
                "symfony/deprecation-contracts": "^2.5|^3",
                "symfony/http-client-contracts": "^3",
                "symfony/service-contracts": "^2.5|^3"
            },
            "conflict": {
                "php-http/discovery": "<1.15",
                "symfony/http-foundation": "<6.3"
            },
            "provide": {
                "php-http/async-client-implementation": "*",
                "php-http/client-implementation": "*",
                "psr/http-client-implementation": "1.0",
                "symfony/http-client-implementation": "3.0"
            },
            "require-dev": {
                "amphp/amp": "^2.5",
                "amphp/http-client": "^4.2.1",
                "amphp/http-tunnel": "^1.0",
                "amphp/socket": "^1.1",
                "guzzlehttp/promises": "^1.4",
                "nyholm/psr7": "^1.0",
                "php-http/httplug": "^1.0|^2.0",
                "psr/http-client": "^1.0",
                "symfony/dependency-injection": "^5.4|^6.0|^7.0",
                "symfony/http-kernel": "^5.4|^6.0|^7.0",
                "symfony/messenger": "^5.4|^6.0|^7.0",
                "symfony/process": "^5.4|^6.0|^7.0",
                "symfony/stopwatch": "^5.4|^6.0|^7.0"
            },
            "type": "library",
            "autoload": {
                "psr-4": {
                    "Symfony\\Component\\HttpClient\\": ""
                },
                "exclude-from-classmap": [
                    "/Tests/"
                ]
            },
            "notification-url": "https://packagist.org/downloads/",
            "license": [
                "MIT"
            ],
            "authors": [
                {
                    "name": "Nicolas Grekas",
                    "email": "p@tchwork.com"
                },
                {
                    "name": "Symfony Community",
                    "homepage": "https://symfony.com/contributors"
                }
            ],
            "description": "Provides powerful methods to fetch HTTP resources synchronously or asynchronously",
            "homepage": "https://symfony.com",
            "keywords": [
                "http"
            ],
            "support": {
                "source": "https://github.com/symfony/http-client/tree/v6.4.4"
            },
            "funding": [
                {
                    "url": "https://symfony.com/sponsor",
                    "type": "custom"
                },
                {
                    "url": "https://github.com/fabpot",
                    "type": "github"
                },
                {
                    "url": "https://tidelift.com/funding/github/packagist/symfony/symfony",
                    "type": "tidelift"
                }
            ],
            "time": "2024-02-14T16:28:12+00:00"
        },
        {
            "name": "symfony/http-client-contracts",
            "version": "v3.4.0",
            "source": {
                "type": "git",
                "url": "https://github.com/symfony/http-client-contracts.git",
                "reference": "1ee70e699b41909c209a0c930f11034b93578654"
            },
            "dist": {
                "type": "zip",
                "url": "https://api.github.com/repos/symfony/http-client-contracts/zipball/1ee70e699b41909c209a0c930f11034b93578654",
                "reference": "1ee70e699b41909c209a0c930f11034b93578654",
                "shasum": ""
            },
            "require": {
                "php": ">=8.1"
            },
            "type": "library",
            "extra": {
                "branch-alias": {
                    "dev-main": "3.4-dev"
                },
                "thanks": {
                    "name": "symfony/contracts",
                    "url": "https://github.com/symfony/contracts"
                }
            },
            "autoload": {
                "psr-4": {
                    "Symfony\\Contracts\\HttpClient\\": ""
                },
                "exclude-from-classmap": [
                    "/Test/"
                ]
            },
            "notification-url": "https://packagist.org/downloads/",
            "license": [
                "MIT"
            ],
            "authors": [
                {
                    "name": "Nicolas Grekas",
                    "email": "p@tchwork.com"
                },
                {
                    "name": "Symfony Community",
                    "homepage": "https://symfony.com/contributors"
                }
            ],
            "description": "Generic abstractions related to HTTP clients",
            "homepage": "https://symfony.com",
            "keywords": [
                "abstractions",
                "contracts",
                "decoupling",
                "interfaces",
                "interoperability",
                "standards"
            ],
            "support": {
                "source": "https://github.com/symfony/http-client-contracts/tree/v3.4.0"
            },
            "funding": [
                {
                    "url": "https://symfony.com/sponsor",
                    "type": "custom"
                },
                {
                    "url": "https://github.com/fabpot",
                    "type": "github"
                },
                {
                    "url": "https://tidelift.com/funding/github/packagist/symfony/symfony",
                    "type": "tidelift"
                }
            ],
            "time": "2023-07-30T20:28:31+00:00"
        },
        {
            "name": "symfony/service-contracts",
            "version": "v3.4.1",
            "source": {
                "type": "git",
                "url": "https://github.com/symfony/service-contracts.git",
                "reference": "fe07cbc8d837f60caf7018068e350cc5163681a0"
            },
            "dist": {
                "type": "zip",
                "url": "https://api.github.com/repos/symfony/service-contracts/zipball/fe07cbc8d837f60caf7018068e350cc5163681a0",
                "reference": "fe07cbc8d837f60caf7018068e350cc5163681a0",
                "shasum": ""
            },
            "require": {
                "php": ">=8.1",
                "psr/container": "^1.1|^2.0"
            },
            "conflict": {
                "ext-psr": "<1.1|>=2"
            },
            "type": "library",
            "extra": {
                "branch-alias": {
                    "dev-main": "3.4-dev"
                },
                "thanks": {
                    "name": "symfony/contracts",
                    "url": "https://github.com/symfony/contracts"
                }
            },
            "autoload": {
                "psr-4": {
                    "Symfony\\Contracts\\Service\\": ""
                },
                "exclude-from-classmap": [
                    "/Test/"
                ]
            },
            "notification-url": "https://packagist.org/downloads/",
            "license": [
                "MIT"
            ],
            "authors": [
                {
                    "name": "Nicolas Grekas",
                    "email": "p@tchwork.com"
                },
                {
                    "name": "Symfony Community",
                    "homepage": "https://symfony.com/contributors"
                }
            ],
            "description": "Generic abstractions related to writing services",
            "homepage": "https://symfony.com",
            "keywords": [
                "abstractions",
                "contracts",
                "decoupling",
                "interfaces",
                "interoperability",
                "standards"
            ],
            "support": {
                "source": "https://github.com/symfony/service-contracts/tree/v3.4.1"
            },
            "funding": [
                {
                    "url": "https://symfony.com/sponsor",
                    "type": "custom"
                },
                {
                    "url": "https://github.com/fabpot",
                    "type": "github"
                },
                {
                    "url": "https://tidelift.com/funding/github/packagist/symfony/symfony",
                    "type": "tidelift"
                }
            ],
            "time": "2023-12-26T14:02:43+00:00"
        }
    ],
    "aliases": [],
    "minimum-stability": "stable",
    "stability-flags": [],
    "prefer-stable": false,
    "prefer-lowest": false,
    "platform": [],
    "platform-dev": [],
    "plugin-api-version": "2.3.0"
}
